
Microsoft Visual Studio Solution File, Format Version 12.00
# Visual Studio 15
VisualStudioVersion = 15.0.28307.572
MinimumVisualStudioVersion = 10.0.40219.1
Project("{FAE04EC0-301F-11D3-BF4B-00C04F79EFBC}") = "Presentacion", "Presentacion\Presentacion.csproj", "{389A24E5-E914-4B04-B08F-8D6D75CA27CB}"
	ProjectSection(ProjectDependencies) = postProject
		{AEA90988-FDC0-4DC7-864C-39CB697D4735} = {AEA90988-FDC0-4DC7-864C-39CB697D4735}
		{A09BAC8A-BF05-4081-ABCE-05474DC0C0CD} = {A09BAC8A-BF05-4081-ABCE-05474DC0C0CD}
	EndProjectSection
EndProject
Project("{FAE04EC0-301F-11D3-BF4B-00C04F79EFBC}") = "Dominio", "Dominio\Dominio.csproj", "{AEA90988-FDC0-4DC7-864C-39CB697D4735}"
EndProject
Project("{FAE04EC0-301F-11D3-BF4B-00C04F79EFBC}") = "Negocio", "Negocio\Negocio.csproj", "{A09BAC8A-BF05-4081-ABCE-05474DC0C0CD}"
	ProjectSection(ProjectDependencies) = postProject
		{AEA90988-FDC0-4DC7-864C-39CB697D4735} = {AEA90988-FDC0-4DC7-864C-39CB697D4735}
	EndProjectSection
EndProject
Global
	GlobalSection(SolutionConfigurationPlatforms) = preSolution
		Debug|Any CPU = Debug|Any CPU
		Release|Any CPU = Release|Any CPU
	EndGlobalSection
	GlobalSection(ProjectConfigurationPlatforms) = postSolution
		{389A24E5-E914-4B04-B08F-8D6D75CA27CB}.Debug|Any CPU.ActiveCfg = Debug|Any CPU
		{389A24E5-E914-4B04-B08F-8D6D75CA27CB}.Debug|Any CPU.Build.0 = Debug|Any CPU
		{389A24E5-E914-4B04-B08F-8D6D75CA27CB}.Release|Any CPU.ActiveCfg = Release|Any CPU
		{389A24E5-E914-4B04-B08F-8D6D75CA27CB}.Release|Any CPU.Build.0 = Release|Any CPU
		{AEA90988-FDC0-4DC7-864C-39CB697D4735}.Debug|Any CPU.ActiveCfg = Debug|Any CPU
		{AEA90988-FDC0-4DC7-864C-39CB697D4735}.Debug|Any CPU.Build.0 = Debug|Any CPU
		{AEA90988-FDC0-4DC7-864C-39CB697D4735}.Release|Any CPU.ActiveCfg = Release|Any CPU
		{AEA90988-FDC0-4DC7-864C-39CB697D4735}.Release|Any CPU.Build.0 = Release|Any CPU
		{A09BAC8A-BF05-4081-ABCE-05474DC0C0CD}.Debug|Any CPU.ActiveCfg = Debug|Any CPU
		{A09BAC8A-BF05-4081-ABCE-05474DC0C0CD}.Debug|Any CPU.Build.0 = Debug|Any CPU
		{A09BAC8A-BF05-4081-ABCE-05474DC0C0CD}.Release|Any CPU.ActiveCfg = Release|Any CPU
		{A09BAC8A-BF05-4081-ABCE-05474DC0C0CD}.Release|Any CPU.Build.0 = Release|Any CPU
	EndGlobalSection
	GlobalSection(SolutionProperties) = preSolution
		HideSolutionNode = FALSE
	EndGlobalSection
	GlobalSection(ExtensibilityGlobals) = postSolution
		SolutionGuid = {DFF99BA7-6414-4E8E-825D-53570CCF083E}
	EndGlobalSection
EndGlobal
